// !$*UTF8*$!
{
	archiveVersion = 1;
	classes = {
	};
	objectVersion = 56;
	objects = {

/* Begin PBXBuildFile section */
		C5B497F1299CCE5F0066B0D1 /* RetainCyclesDemoApp.swift in Sources */ = {isa = PBXBuildFile; fileRef = C5B497F0299CCE5F0066B0D1 /* RetainCyclesDemoApp.swift */; };
		C5B497F3299CCE5F0066B0D1 /* ContentView.swift in Sources */ = {isa = PBXBuildFile; fileRef = C5B497F2299CCE5F0066B0D1 /* ContentView.swift */; };
		C5B497F5299CCE610066B0D1 /* Assets.xcassets in Resources */ = {isa = PBXBuildFile; fileRef = C5B497F4299CCE610066B0D1 /* Assets.xcassets */; };
		C5B497F8299CCE610066B0D1 /* Preview Assets.xcassets in Resources */ = {isa = PBXBuildFile; fileRef = C5B497F7299CCE610066B0D1 /* Preview Assets.xcassets */; };
		C5B49802299CCE610066B0D1 /* RetainCyclesDemoTests.swift in Sources */ = {isa = PBXBuildFile; fileRef = C5B49801299CCE610066B0D1 /* RetainCyclesDemoTests.swift */; };
		C5B4980C299CCE610066B0D1 /* RetainCyclesDemoUITests.swift in Sources */ = {isa = PBXBuildFile; fileRef = C5B4980B299CCE610066B0D1 /* RetainCyclesDemoUITests.swift */; };
		C5B4981B299CD9310066B0D1 /* NotificationManager.swift in Sources */ = {isa = PBXBuildFile; fileRef = C5B4981A299CD9310066B0D1 /* NotificationManager.swift */; };
		C5B4981E299CE08C0066B0D1 /* ProblemView.swift in Sources */ = {isa = PBXBuildFile; fileRef = C5B4981D299CE08C0066B0D1 /* ProblemView.swift */; };
/* End PBXBuildFile section */

/* Begin PBXContainerItemProxy section */
		C5B497FE299CCE610066B0D1 /* PBXContainerItemProxy */ = {
			isa = PBXContainerItemProxy;
			containerPortal = C5B497E5299CCE5F0066B0D1 /* Project object */;
			proxyType = 1;
			remoteGlobalIDString = C5B497EC299CCE5F0066B0D1;
			remoteInfo = RetainCyclesDemo;
		};
		C5B49808299CCE610066B0D1 /* PBXContainerItemProxy */ = {
			isa = PBXContainerItemProxy;
			containerPortal = C5B497E5299CCE5F0066B0D1 /* Project object */;
			proxyType = 1;
			remoteGlobalIDString = C5B497EC299CCE5F0066B0D1;
			remoteInfo = RetainCyclesDemo;
		};
/* End PBXContainerItemProxy section */

/* Begin PBXFileReference section */
		C5B497ED299CCE5F0066B0D1 /* RetainCyclesDemo.app */ = {isa = PBXFileReference; explicitFileType = wrapper.application; includeInIndex = 0; path = RetainCyclesDemo.app; sourceTree = BUILT_PRODUCTS_DIR; };
		C5B497F0299CCE5F0066B0D1 /* RetainCyclesDemoApp.swift */ = {isa = PBXFileReference; lastKnownFileType = sourcecode.swift; path = RetainCyclesDemoApp.swift; sourceTree = "<group>"; };
		C5B497F2299CCE5F0066B0D1 /* ContentView.swift */ = {isa = PBXFileReference; lastKnownFileType = sourcecode.swift; path = ContentView.swift; sourceTree = "<group>"; };
		C5B497F4299CCE610066B0D1 /* Assets.xcassets */ = {isa = PBXFileReference; lastKnownFileType = folder.assetcatalog; path = Assets.xcassets; sourceTree = "<group>"; };
		C5B497F7299CCE610066B0D1 /* Preview Assets.xcassets */ = {isa = PBXFileReference; lastKnownFileType = folder.assetcatalog; path = "Preview Assets.xcassets"; sourceTree = "<group>"; };
		C5B497FD299CCE610066B0D1 /* RetainCyclesDemoTests.xctest */ = {isa = PBXFileReference; explicitFileType = wrapper.cfbundle; includeInIndex = 0; path = RetainCyclesDemoTests.xctest; sourceTree = BUILT_PRODUCTS_DIR; };
		C5B49801299CCE610066B0D1 /* RetainCyclesDemoTests.swift */ = {isa = PBXFileReference; lastKnownFileType = sourcecode.swift; path = RetainCyclesDemoTests.swift; sourceTree = "<group>"; };
		C5B49807299CCE610066B0D1 /* RetainCyclesDemoUITests.xctest */ = {isa = PBXFileReference; explicitFileType = wrapper.cfbundle; includeInIndex = 0; path = RetainCyclesDemoUITests.xctest; sourceTree = BUILT_PRODUCTS_DIR; };
		C5B4980B299CCE610066B0D1 /* RetainCyclesDemoUITests.swift */ = {isa = PBXFileReference; lastKnownFileType = sourcecode.swift; path = RetainCyclesDemoUITests.swift; sourceTree = "<group>"; };
		C5B4981A299CD9310066B0D1 /* NotificationManager.swift */ = {isa = PBXFileReference; lastKnownFileType = sourcecode.swift; path = NotificationManager.swift; sourceTree = "<group>"; };
		C5B4981C299CDEC50066B0D1 /* Info.plist */ = {isa = PBXFileReference; lastKnownFileType = text.plist; path = Info.plist; sourceTree = "<group>"; };
		C5B4981D299CE08C0066B0D1 /* ProblemView.swift */ = {isa = PBXFileReference; lastKnownFileType = sourcecode.swift; path = ProblemView.swift; sourceTree = "<group>"; };
/* End PBXFileReference section */

/* Begin PBXFrameworksBuildPhase section */
		C5B497EA299CCE5F0066B0D1 /* Frameworks */ = {
			isa = PBXFrameworksBuildPhase;
			buildActionMask = 2147483647;
			files = (
			);
			runOnlyForDeploymentPostprocessing = 0;
		};
		C5B497FA299CCE610066B0D1 /* Frameworks */ = {
			isa = PBXFrameworksBuildPhase;
			buildActionMask = 2147483647;
			files = (
			);
			runOnlyForDeploymentPostprocessing = 0;
		};
		C5B49804299CCE610066B0D1 /* Frameworks */ = {
			isa = PBXFrameworksBuildPhase;
			buildActionMask = 2147483647;
			files = (
			);
			runOnlyForDeploymentPostprocessing = 0;
		};
/* End PBXFrameworksBuildPhase section */

/* Begin PBXGroup section */
		C5B497E4299CCE5F0066B0D1 = {
			isa = PBXGroup;
			children = (
				C5B497EF299CCE5F0066B0D1 /* RetainCyclesDemo */,
				C5B49800299CCE610066B0D1 /* RetainCyclesDemoTests */,
				C5B4980A299CCE610066B0D1 /* RetainCyclesDemoUITests */,
				C5B497EE299CCE5F0066B0D1 /* Products */,
			);
			sourceTree = "<group>";
		};
		C5B497EE299CCE5F0066B0D1 /* Products */ = {
			isa = PBXGroup;
			children = (
				C5B497ED299CCE5F0066B0D1 /* RetainCyclesDemo.app */,
				C5B497FD299CCE610066B0D1 /* RetainCyclesDemoTests.xctest */,
				C5B49807299CCE610066B0D1 /* RetainCyclesDemoUITests.xctest */,
			);
			name = Products;
			sourceTree = "<group>";
		};
		C5B497EF299CCE5F0066B0D1 /* RetainCyclesDemo */ = {
			isa = PBXGroup;
			children = (
				C5B4981C299CDEC50066B0D1 /* Info.plist */,
				C5B497F0299CCE5F0066B0D1 /* RetainCyclesDemoApp.swift */,
				C5B497F2299CCE5F0066B0D1 /* ContentView.swift */,
				C5B4981A299CD9310066B0D1 /* NotificationManager.swift */,
				C5B4981D299CE08C0066B0D1 /* ProblemView.swift */,
				C5B497F4299CCE610066B0D1 /* Assets.xcassets */,
				C5B497F6299CCE610066B0D1 /* Preview Content */,
			);
			path = RetainCyclesDemo;
			sourceTree = "<group>";
		};
		C5B497F6299CCE610066B0D1 /* Preview Content */ = {
			isa = PBXGroup;
			children = (
				C5B497F7299CCE610066B0D1 /* Preview Assets.xcassets */,
			);
			path = "Preview Content";
			sourceTree = "<group>";
		};
		C5B49800299CCE610066B0D1 /* RetainCyclesDemoTests */ = {
			isa = PBXGroup;
			children = (
				C5B49801299CCE610066B0D1 /* RetainCyclesDemoTests.swift */,
			);
			path = RetainCyclesDemoTests;
			sourceTree = "<group>";
		};
		C5B4980A299CCE610066B0D1 /* RetainCyclesDemoUITests */ = {
			isa = PBXGroup;
			children = (
				C5B4980B299CCE610066B0D1 /* RetainCyclesDemoUITests.swift */,
			);
			path = RetainCyclesDemoUITests;
			sourceTree = "<group>";
		};
/* End PBXGroup section */

/* Begin PBXNativeTarget section */
		C5B497EC299CCE5F0066B0D1 /* RetainCyclesDemo */ = {
			isa = PBXNativeTarget;
			buildConfigurationList = C5B49811299CCE610066B0D1 /* Build configuration list for PBXNativeTarget "RetainCyclesDemo" */;
			buildPhases = (
				C5B497E9299CCE5F0066B0D1 /* Sources */,
				C5B497EA299CCE5F0066B0D1 /* Frameworks */,
				C5B497EB299CCE5F0066B0D1 /* Resources */,
			);
			buildRules = (
			);
			dependencies = (
			);
			name = RetainCyclesDemo;
			productName = RetainCyclesDemo;
			productReference = C5B497ED299CCE5F0066B0D1 /* RetainCyclesDemo.app */;
			productType = "com.apple.product-type.application";
		};
		C5B497FC299CCE610066B0D1 /* RetainCyclesDemoTests */ = {
			isa = PBXNativeTarget;
			buildConfigurationList = C5B49814299CCE610066B0D1 /* Build configuration list for PBXNativeTarget "RetainCyclesDemoTests" */;
			buildPhases = (
				C5B497F9299CCE610066B0D1 /* Sources */,
				C5B497FA299CCE610066B0D1 /* Frameworks */,
				C5B497FB299CCE610066B0D1 /* Resources */,
			);
			buildRules = (
			);
			dependencies = (
				C5B497FF299CCE610066B0D1 /* PBXTargetDependency */,
			);
			name = RetainCyclesDemoTests;
			productName = RetainCyclesDemoTests;
			productReference = C5B497FD299CCE610066B0D1 /* RetainCyclesDemoTests.xctest */;
			productType = "com.apple.product-type.bundle.unit-test";
		};
		C5B49806299CCE610066B0D1 /* RetainCyclesDemoUITests */ = {
			isa = PBXNativeTarget;
			buildConfigurationList = C5B49817299CCE610066B0D1 /* Build configuration list for PBXNativeTarget "RetainCyclesDemoUITests" */;
			buildPhases = (
				C5B49803299CCE610066B0D1 /* Sources */,
				C5B49804299CCE610066B0D1 /* Frameworks */,
				C5B49805299CCE610066B0D1 /* Resources */,
			);
			buildRules = (
			);
			dependencies = (
				C5B49809299CCE610066B0D1 /* PBXTargetDependency */,
			);
			name = RetainCyclesDemoUITests;
			productName = RetainCyclesDemoUITests;
			productReference = C5B49807299CCE610066B0D1 /* RetainCyclesDemoUITests.xctest */;
			productType = "com.apple.product-type.bundle.ui-testing";
		};
/* End PBXNativeTarget section */

/* Begin PBXProject section */
		C5B497E5299CCE5F0066B0D1 /* Project object */ = {
			isa = PBXProject;
			attributes = {
				BuildIndependentTargetsInParallel = 1;
				LastSwiftUpdateCheck = 1420;
				LastUpgradeCheck = 1420;
				TargetAttributes = {
					C5B497EC299CCE5F0066B0D1 = {
						CreatedOnToolsVersion = 14.2;
					};
					C5B497FC299CCE610066B0D1 = {
						CreatedOnToolsVersion = 14.2;
						TestTargetID = C5B497EC299CCE5F0066B0D1;
					};
					C5B49806299CCE610066B0D1 = {
						CreatedOnToolsVersion = 14.2;
						TestTargetID = C5B497EC299CCE5F0066B0D1;
					};
				};
			};
			buildConfigurationList = C5B497E8299CCE5F0066B0D1 /* Build configuration list for PBXProject "RetainCyclesDemo" */;
			compatibilityVersion = "Xcode 14.0";
			developmentRegion = en;
			hasScannedForEncodings = 0;
			knownRegions = (
				en,
				Base,
			);
			mainGroup = C5B497E4299CCE5F0066B0D1;
			productRefGroup = C5B497EE299CCE5F0066B0D1 /* Products */;
			projectDirPath = "";
			projectRoot = "";
			targets = (
				C5B497EC299CCE5F0066B0D1 /* RetainCyclesDemo */,
				C5B497FC299CCE610066B0D1 /* RetainCyclesDemoTests */,
				C5B49806299CCE610066B0D1 /* RetainCyclesDemoUITests */,
			);
		};
/* End PBXProject section */

/* Begin PBXResourcesBuildPhase section */
		C5B497EB299CCE5F0066B0D1 /* Resources */ = {
			isa = PBXResourcesBuildPhase;
			buildActionMask = 2147483647;
			files = (
				C5B497F8299CCE610066B0D1 /* Preview Assets.xcassets in Resources */,
				C5B497F5299CCE610066B0D1 /* Assets.xcassets in Resources */,
			);
			runOnlyForDeploymentPostprocessing = 0;
		};
		C5B497FB299CCE610066B0D1 /* Resources */ = {
			isa = PBXResourcesBuildPhase;
			buildActionMask = 2147483647;
			files = (
			);
			runOnlyForDeploymentPostprocessing = 0;
		};
		C5B49805299CCE610066B0D1 /* Resources */ = {
			isa = PBXResourcesBuildPhase;
			buildActionMask = 2147483647;
			files = (
			);
			runOnlyForDeploymentPostprocessing = 0;
		};
/* End PBXResourcesBuildPhase section */

/* Begin PBXSourcesBuildPhase section */
		C5B497E9299CCE5F0066B0D1 /* Sources */ = {
			isa = PBXSourcesBuildPhase;
			buildActionMask = 2147483647;
			files = (
				C5B4981E299CE08C0066B0D1 /* ProblemView.swift in Sources */,
				C5B4981B299CD9310066B0D1 /* NotificationManager.swift in Sources */,
				C5B497F3299CCE5F0066B0D1 /* ContentView.swift in Sources */,
				C5B497F1299CCE5F0066B0D1 /* RetainCyclesDemoApp.swift in Sources */,
			);
			runOnlyForDeploymentPostprocessing = 0;
		};
		C5B497F9299CCE610066B0D1 /* Sources */ = {
			isa = PBXSourcesBuildPhase;
			buildActionMask = 2147483647;
			files = (
				C5B49802299CCE610066B0D1 /* RetainCyclesDemoTests.swift in Sources */,
			);
			runOnlyForDeploymentPostprocessing = 0;
		};
		C5B49803299CCE610066B0D1 /* Sources */ = {
			isa = PBXSourcesBuildPhase;
			buildActionMask = 2147483647;
			files = (
				C5B4980C299CCE610066B0D1 /* RetainCyclesDemoUITests.swift in Sources */,
			);
			runOnlyForDeploymentPostprocessing = 0;
		};
/* End PBXSourcesBuildPhase section */

/* Begin PBXTargetDependency section */
		C5B497FF299CCE610066B0D1 /* PBXTargetDependency */ = {
			isa = PBXTargetDependency;
			target = C5B497EC299CCE5F0066B0D1 /* RetainCyclesDemo */;
			targetProxy = C5B497FE299CCE610066B0D1 /* PBXContainerItemProxy */;
		};
		C5B49809299CCE610066B0D1 /* PBXTargetDependency */ = {
			isa = PBXTargetDependency;
			target = C5B497EC299CCE5F0066B0D1 /* RetainCyclesDemo */;
			targetProxy = C5B49808299CCE610066B0D1 /* PBXContainerItemProxy */;
		};
/* End PBXTargetDependency section */

/* Begin XCBuildConfiguration section */
		C5B4980F299CCE610066B0D1 /* Debug */ = {
			isa = XCBuildConfiguration;
			buildSettings = {
				ALWAYS_SEARCH_USER_PATHS = NO;
				CLANG_ANALYZER_NONNULL = YES;
				CLANG_ANALYZER_NUMBER_OBJECT_CONVERSION = YES_AGGRESSIVE;
				CLANG_CXX_LANGUAGE_STANDARD = "gnu++20";
				CLANG_ENABLE_MODULES = YES;
				CLANG_ENABLE_OBJC_ARC = YES;
				CLANG_ENABLE_OBJC_WEAK = YES;
				CLANG_WARN_BLOCK_CAPTURE_AUTORELEASING = YES;
				CLANG_WARN_BOOL_CONVERSION = YES;
				CLANG_WARN_COMMA = YES;
				CLANG_WARN_CONSTANT_CONVERSION = YES;
				CLANG_WARN_DEPRECATED_OBJC_IMPLEMENTATIONS = YES;
				CLANG_WARN_DIRECT_OBJC_ISA_USAGE = YES_ERROR;
				CLANG_WARN_DOCUMENTATION_COMMENTS = YES;
				CLANG_WARN_EMPTY_BODY = YES;
				CLANG_WARN_ENUM_CONVERSION = YES;
				CLANG_WARN_INFINITE_RECURSION = YES;
				CLANG_WARN_INT_CONVERSION = YES;
				CLANG_WARN_NON_LITERAL_NULL_CONVERSION = YES;
				CLANG_WARN_OBJC_IMPLICIT_RETAIN_SELF = YES;
				CLANG_WARN_OBJC_LITERAL_CONVERSION = YES;
				CLANG_WARN_OBJC_ROOT_CLASS = YES_ERROR;
				CLANG_WARN_QUOTED_INCLUDE_IN_FRAMEWORK_HEADER = YES;
				CLANG_WARN_RANGE_LOOP_ANALYSIS = YES;
				CLANG_WARN_STRICT_PROTOTYPES = YES;
				CLANG_WARN_SUSPICIOUS_MOVE = YES;
				CLANG_WARN_UNGUARDED_AVAILABILITY = YES_AGGRESSIVE;
				CLANG_WARN_UNREACHABLE_CODE = YES;
				CLANG_WARN__DUPLICATE_METHOD_MATCH = YES;
				COPY_PHASE_STRIP = NO;
				DEBUG_INFORMATION_FORMAT = dwarf;
				ENABLE_STRICT_OBJC_MSGSEND = YES;
				ENABLE_TESTABILITY = YES;
				GCC_C_LANGUAGE_STANDARD = gnu11;
				GCC_DYNAMIC_NO_PIC = NO;
				GCC_NO_COMMON_BLOCKS = YES;
				GCC_OPTIMIZATION_LEVEL = 0;
				GCC_PREPROCESSOR_DEFINITIONS = (
					"DEBUG=1",
					"$(inherited)",
				);
				GCC_WARN_64_TO_32_BIT_CONVERSION = YES;
				GCC_WARN_ABOUT_RETURN_TYPE = YES_ERROR;
				GCC_WARN_UNDECLARED_SELECTOR = YES;
				GCC_WARN_UNINITIALIZED_AUTOS = YES_AGGRESSIVE;
				GCC_WARN_UNUSED_FUNCTION = YES;
				GCC_WARN_UNUSED_VARIABLE = YES;
				IPHONEOS_DEPLOYMENT_TARGET = 16.2;
				MTL_ENABLE_DEBUG_INFO = INCLUDE_SOURCE;
				MTL_FAST_MATH = YES;
				ONLY_ACTIVE_ARCH = YES;
				SDKROOT = iphoneos;
				SWIFT_ACTIVE_COMPILATION_CONDITIONS = DEBUG;
				SWIFT_OPTIMIZATION_LEVEL = "-Onone";
			};
			name = Debug;
		};
		C5B49810299CCE610066B0D1 /* Release */ = {
			isa = XCBuildConfiguration;
			buildSettings = {
				ALWAYS_SEARCH_USER_PATHS = NO;
				CLANG_ANALYZER_NONNULL = YES;
				CLANG_ANALYZER_NUMBER_OBJECT_CONVERSION = YES_AGGRESSIVE;
				CLANG_CXX_LANGUAGE_STANDARD = "gnu++20";
				CLANG_ENABLE_MODULES = YES;
				CLANG_ENABLE_OBJC_ARC = YES;
				CLANG_ENABLE_OBJC_WEAK = YES;
				CLANG_WARN_BLOCK_CAPTURE_AUTORELEASING = YES;
				CLANG_WARN_BOOL_CONVERSION = YES;
				CLANG_WARN_COMMA = YES;
				CLANG_WARN_CONSTANT_CONVERSION = YES;
				CLANG_WARN_DEPRECATED_OBJC_IMPLEMENTATIONS = YES;
				CLANG_WARN_DIRECT_OBJC_ISA_USAGE = YES_ERROR;
				CLANG_WARN_DOCUMENTATION_COMMENTS = YES;
				CLANG_WARN_EMPTY_BODY = YES;
				CLANG_WARN_ENUM_CONVERSION = YES;
				CLANG_WARN_INFINITE_RECURSION = YES;
				CLANG_WARN_INT_CONVERSION = YES;
				CLANG_WARN_NON_LITERAL_NULL_CONVERSION = YES;
				CLANG_WARN_OBJC_IMPLICIT_RETAIN_SELF = YES;
				CLANG_WARN_OBJC_LITERAL_CONVERSION = YES;
				CLANG_WARN_OBJC_ROOT_CLASS = YES_ERROR;
				CLANG_WARN_QUOTED_INCLUDE_IN_FRAMEWORK_HEADER = YES;
				CLANG_WARN_RANGE_LOOP_ANALYSIS = YES;
				CLANG_WARN_STRICT_PROTOTYPES = YES;
				CLANG_WARN_SUSPICIOUS_MOVE = YES;
				CLANG_WARN_UNGUARDED_AVAILABILITY = YES_AGGRESSIVE;
				CLANG_WARN_UNREACHABLE_CODE = YES;
				CLANG_WARN__DUPLICATE_METHOD_MATCH = YES;
				COPY_PHASE_STRIP = NO;
				DEBUG_INFORMATION_FORMAT = "dwarf-with-dsym";
				ENABLE_NS_ASSERTIONS = NO;
				ENABLE_STRICT_OBJC_MSGSEND = YES;
				GCC_C_LANGUAGE_STANDARD = gnu11;
				GCC_NO_COMMON_BLOCKS = YES;
				GCC_WARN_64_TO_32_BIT_CONVERSION = YES;
				GCC_WARN_ABOUT_RETURN_TYPE = YES_ERROR;
				GCC_WARN_UNDECLARED_SELECTOR = YES;
				GCC_WARN_UNINITIALIZED_AUTOS = YES_AGGRESSIVE;
				GCC_WARN_UNUSED_FUNCTION = YES;
				GCC_WARN_UNUSED_VARIABLE = YES;
				IPHONEOS_DEPLOYMENT_TARGET = 16.2;
				MTL_ENABLE_DEBUG_INFO = NO;
				MTL_FAST_MATH = YES;
				SDKROOT = iphoneos;
				SWIFT_COMPILATION_MODE = wholemodule;
				SWIFT_OPTIMIZATION_LEVEL = "-O";
				VALIDATE_PRODUCT = YES;
			};
			name = Release;
		};
		C5B49812299CCE610066B0D1 /* Debug */ = {
			isa = XCBuildConfiguration;
			buildSettings = {
				ASSETCATALOG_COMPILER_APPICON_NAME = AppIcon;
				ASSETCATALOG_COMPILER_GLOBAL_ACCENT_COLOR_NAME = AccentColor;
				CODE_SIGN_STYLE = Automatic;
				CURRENT_PROJECT_VERSION = 1;
				DEVELOPMENT_ASSET_PATHS = "\"RetainCyclesDemo/Preview Content\"";
				DEVELOPMENT_TEAM = PSPQUEF8CD;
				ENABLE_PREVIEWS = YES;
				GENERATE_INFOPLIST_FILE = YES;
				INFOPLIST_FILE = RetainCyclesDemo/Info.plist;
				INFOPLIST_KEY_UIApplicationSupportsIndirectInputEvents = YES;
				INFOPLIST_KEY_UILaunchScreen_Generation = YES;
				INFOPLIST_KEY_UISupportedInterfaceOrientations_iPad = "UIInterfaceOrientationPortrait UIInterfaceOrientationPortraitUpsideDown UIInterfaceOrientationLandscapeLeft UIInterfaceOrientationLandscapeRight";
				INFOPLIST_KEY_UISupportedInterfaceOrientations_iPhone = "UIInterfaceOrientationPortrait UIInterfaceOrientationLandscapeLeft UIInterfaceOrientationLandscapeRight";
				LD_RUNPATH_SEARCH_PATHS = (
					"$(inherited)",
					"@executable_path/Frameworks",
				);
				MARKETING_VERSION = 1.0;
				PRODUCT_BUNDLE_IDENTIFIER = "de.gero-herkenrath.RetainCyclesDemo";
				PRODUCT_NAME = "$(TARGET_NAME)";
				SWIFT_EMIT_LOC_STRINGS = YES;
				SWIFT_VERSION = 5.0;
				TARGETED_DEVICE_FAMILY = "1,2";
			};
			name = Debug;
		};
		C5B49813299CCE610066B0D1 /* Release */ = {
			isa = XCBuildConfiguration;
			buildSettings = {
				ASSETCATALOG_COMPILER_APPICON_NAME = AppIcon;
				ASSETCATALOG_COMPILER_GLOBAL_ACCENT_COLOR_NAME = AccentColor;
				CODE_SIGN_STYLE = Automatic;
				CURRENT_PROJECT_VERSION = 1;
				DEVELOPMENT_ASSET_PATHS = "\"RetainCyclesDemo/Preview Content\"";
				DEVELOPMENT_TEAM = PSPQUEF8CD;
				ENABLE_PREVIEWS = YES;
				GENERATE_INFOPLIST_FILE = YES;
				INFOPLIST_FILE = RetainCyclesDemo/Info.plist;
				INFOPLIST_KEY_UIApplicationSupportsIndirectInputEvents = YES;
				INFOPLIST_KEY_UILaunchScreen_Generation = YES;
				INFOPLIST_KEY_UISupportedInterfaceOrientations_iPad = "UIInterfaceOrientationPortrait UIInterfaceOrientationPortraitUpsideDown UIInterfaceOrientationLandscapeLeft UIInterfaceOrientationLandscapeRight";
				INFOPLIST_KEY_UISupportedInterfaceOrientations_iPhone = "UIInterfaceOrientationPortrait UIInterfaceOrientationLandscapeLeft UIInterfaceOrientationLandscapeRight";
				LD_RUNPATH_SEARCH_PATHS = (
					"$(inherited)",
					"@executable_path/Frameworks",
				);
				MARKETING_VERSION = 1.0;
				PRODUCT_BUNDLE_IDENTIFIER = "de.gero-herkenrath.RetainCyclesDemo";
				PRODUCT_NAME = "$(TARGET_NAME)";
				SWIFT_EMIT_LOC_STRINGS = YES;
				SWIFT_VERSION = 5.0;
				TARGETED_DEVICE_FAMILY = "1,2";
			};
			name = Release;
		};
		C5B49815299CCE610066B0D1 /* Debug */ = {
			isa = XCBuildConfiguration;
			buildSettings = {
				ALWAYS_EMBED_SWIFT_STANDARD_LIBRARIES = YES;
				BUNDLE_LOADER = "$(TEST_HOST)";
				CODE_SIGN_STYLE = Automatic;
				CURRENT_PROJECT_VERSION = 1;
				DEVELOPMENT_TEAM = PSPQUEF8CD;
				GENERATE_INFOPLIST_FILE = YES;
				IPHONEOS_DEPLOYMENT_TARGET = 16.2;
				MARKETING_VERSION = 1.0;
				PRODUCT_BUNDLE_IDENTIFIER = "de.gero-herkenrath.RetainCyclesDemoTests";
				PRODUCT_NAME = "$(TARGET_NAME)";
				SWIFT_EMIT_LOC_STRINGS = NO;
				SWIFT_VERSION = 5.0;
				TARGETED_DEVICE_FAMILY = "1,2";
				TEST_HOST = "$(BUILT_PRODUCTS_DIR)/RetainCyclesDemo.app/$(BUNDLE_EXECUTABLE_FOLDER_PATH)/RetainCyclesDemo";
			};
			name = Debug;
		};
		C5B49816299CCE610066B0D1 /* Release */ = {
			isa = XCBuildConfiguration;
			buildSettings = {
				ALWAYS_EMBED_SWIFT_STANDARD_LIBRARIES = YES;
				BUNDLE_LOADER = "$(TEST_HOST)";
				CODE_SIGN_STYLE = Automatic;
				CURRENT_PROJECT_VERSION = 1;
				DEVELOPMENT_TEAM = PSPQUEF8CD;
				GENERATE_INFOPLIST_FILE = YES;
				IPHONEOS_DEPLOYMENT_TARGET = 16.2;
				MARKETING_VERSION = 1.0;
				PRODUCT_BUNDLE_IDENTIFIER = "de.gero-herkenrath.RetainCyclesDemoTests";
				PRODUCT_NAME = "$(TARGET_NAME)";
				SWIFT_EMIT_LOC_STRINGS = NO;
				SWIFT_VERSION = 5.0;
				TARGETED_DEVICE_FAMILY = "1,2";
				TEST_HOST = "$(BUILT_PRODUCTS_DIR)/RetainCyclesDemo.app/$(BUNDLE_EXECUTABLE_FOLDER_PATH)/RetainCyclesDemo";
			};
			name = Release;
		};
		C5B49818299CCE610066B0D1 /* Debug */ = {
			isa = XCBuildConfiguration;
			buildSettings = {
				ALWAYS_EMBED_SWIFT_STANDARD_LIBRARIES = YES;
				CODE_SIGN_STYLE = Automatic;
				CURRENT_PROJECT_VERSION = 1;
				DEVELOPMENT_TEAM = PSPQUEF8CD;
				GENERATE_INFOPLIST_FILE = YES;
				MARKETING_VERSION = 1.0;
				PRODUCT_BUNDLE_IDENTIFIER = "de.gero-herkenrath.RetainCyclesDemoUITests";
				PRODUCT_NAME = "$(TARGET_NAME)";
				SWIFT_EMIT_LOC_STRINGS = NO;
				SWIFT_VERSION = 5.0;
				TARGETED_DEVICE_FAMILY = "1,2";
				TEST_TARGET_NAME = RetainCyclesDemo;
			};
			name = Debug;
		};
		C5B49819299CCE610066B0D1 /* Release */ = {
			isa = XCBuildConfiguration;
			buildSettings = {
				ALWAYS_EMBED_SWIFT_STANDARD_LIBRARIES = YES;
				CODE_SIGN_STYLE = Automatic;
				CURRENT_PROJECT_VERSION = 1;
				DEVELOPMENT_TEAM = PSPQUEF8CD;
				GENERATE_INFOPLIST_FILE = YES;
				MARKETING_VERSION = 1.0;
				PRODUCT_BUNDLE_IDENTIFIER = "de.gero-herkenrath.RetainCyclesDemoUITests";
				PRODUCT_NAME = "$(TARGET_NAME)";
				SWIFT_EMIT_LOC_STRINGS = NO;
				SWIFT_VERSION = 5.0;
				TARGETED_DEVICE_FAMILY = "1,2";
				TEST_TARGET_NAME = RetainCyclesDemo;
			};
			name = Release;
		};
/* End XCBuildConfiguration section */

/* Begin XCConfigurationList section */
		C5B497E8299CCE5F0066B0D1 /* Build configuration list for PBXProject "RetainCyclesDemo" */ = {
			isa = XCConfigurationList;
			buildConfigurations = (
				C5B4980F299CCE610066B0D1 /* Debug */,
				C5B49810299CCE610066B0D1 /* Release */,
			);
			defaultConfigurationIsVisible = 0;
			defaultConfigurationName = Release;
		};
		C5B49811299CCE610066B0D1 /* Build configuration list for PBXNativeTarget "RetainCyclesDemo" */ = {
			isa = XCConfigurationList;
			buildConfigurations = (
				C5B49812299CCE610066B0D1 /* Debug */,
				C5B49813299CCE610066B0D1 /* Release */,
			);
			defaultConfigurationIsVisible = 0;
			defaultConfigurationName = Release;
		};
		C5B49814299CCE610066B0D1 /* Build configuration list for PBXNativeTarget "RetainCyclesDemoTests" */ = {
			isa = XCConfigurationList;
			buildConfigurations = (
				C5B49815299CCE610066B0D1 /* Debug */,
				C5B49816299CCE610066B0D1 /* Release */,
			);
			defaultConfigurationIsVisible = 0;
			defaultConfigurationName = Release;
		};
		C5B49817299CCE610066B0D1 /* Build configuration list for PBXNativeTarget "RetainCyclesDemoUITests" */ = {
			isa = XCConfigurationList;
			buildConfigurations = (
				C5B49818299CCE610066B0D1 /* Debug */,
				C5B49819299CCE610066B0D1 /* Release */,
			);
			defaultConfigurationIsVisible = 0;
			defaultConfigurationName = Release;
		};
/* End XCConfigurationList section */
	};
	rootObject = C5B497E5299CCE5F0066B0D1 /* Project object */;
}
